
Microsoft Visual Studio Solution File, Format Version 12.00
# Visual Studio Version 16
VisualStudioVersion = 16.0.29025.244
MinimumVisualStudioVersion = 10.0.40219.1
Project("{FAE04EC0-301F-11D3-BF4B-00C04F79EFBC}") = "pdf-templar-sdk", "pdf-templar-sdk\pdf-templar-sdk.csproj", "{4560374C-B484-45F5-BF71-7A0021EE9332}"
EndProject
Global
	GlobalSection(SolutionConfigurationPlatforms) = preSolution
		Debug|Any CPU = Debug|Any CPU
		Release|Any CPU = Release|Any CPU
	EndGlobalSection
	GlobalSection(ProjectConfigurationPlatforms) = postSolution
		{4560374C-B484-45F5-BF71-7A0021EE9332}.Debug|Any CPU.ActiveCfg = Debug|Any CPU
		{4560374C-B484-45F5-BF71-7A0021EE9332}.Debug|Any CPU.Build.0 = Debug|Any CPU
		{4560374C-B484-45F5-BF71-7A0021EE9332}.Release|Any CPU.ActiveCfg = Release|Any CPU
		{4560374C-B484-45F5-BF71-7A0021EE9332}.Release|Any CPU.Build.0 = Release|Any CPU
	EndGlobalSection
	GlobalSection(SolutionProperties) = preSolution
		HideSolutionNode = FALSE
	EndGlobalSection
	GlobalSection(ExtensibilityGlobals) = postSolution
		SolutionGuid = {F7C8FA38-0331-4669-9935-ED5C4DC8C0C1}
	EndGlobalSection
EndGlobal
